{
    "_readme": [
        "This file locks the dependencies of your project to a known state",
        "Read more about it at https://getcomposer.org/doc/01-basic-usage.md#installing-dependencies",
        "This file is @generated automatically"
    ],
    "content-hash": "a27c72e5cea4b97ffe389f3c2390ee45",
    "packages": [],
    "packages-dev": [],
    "aliases": [],
    "minimum-stability": "stable",
    "stability-flags": {},
    "prefer-stable": false,
    "prefer-lowest": false,
    "platform": {
        "php": "^8.4",
        "ext-json": "*",
        "ext-mysqli": "*",
        "ext-curl": "*",
        "ext-dom": "*",
        "ext-gd": "*",
        "ext-exif": "*",
        "ext-fileinfo": "*",
        "ext-hash": "*",
        "ext-intl": "*",
        "ext-mbstring": "*",
        "ext-openssl": "*",
        "ext-pcre": "*",
        "ext-xml": "*",
        "ext-zip": "*"
    },
    "platform-dev": {},
    "plugin-api-version": "2.6.0"
}
